// !$*UTF8*$!
{
	archiveVersion = 1;
	classes = {
	};
	objectVersion = 46;
	objects = {

/* Begin PBXBuildFile section */
		8C6446051E0BDBD300EDC77E /* BViewController.m in Sources */ = {isa = PBXBuildFile; fileRef = 8C6446041E0BDBD300EDC77E /* BViewController.m */; };
		A909A3CB1E0BD87D009ACF3B /* main.m in Sources */ = {isa = PBXBuildFile; fileRef = A909A3CA1E0BD87D009ACF3B /* main.m */; };
		A909A3CE1E0BD87D009ACF3B /* AppDelegate.m in Sources */ = {isa = PBXBuildFile; fileRef = A909A3CD1E0BD87D009ACF3B /* AppDelegate.m */; };
		A909A3D11E0BD87E009ACF3B /* ViewController.m in Sources */ = {isa = PBXBuildFile; fileRef = A909A3D01E0BD87E009ACF3B /* ViewController.m */; };
		A909A3D41E0BD87E009ACF3B /* Main.storyboard in Resources */ = {isa = PBXBuildFile; fileRef = A909A3D21E0BD87E009ACF3B /* Main.storyboard */; };
		A909A3D61E0BD87E009ACF3B /* Assets.xcassets in Resources */ = {isa = PBXBuildFile; fileRef = A909A3D51E0BD87E009ACF3B /* Assets.xcassets */; };
		A909A3D91E0BD87E009ACF3B /* LaunchScreen.storyboard in Resources */ = {isa = PBXBuildFile; fileRef = A909A3D71E0BD87E009ACF3B /* LaunchScreen.storyboard */; };
		A909A3E21E0BD8EB009ACF3B /* CustomTableViewCell.m in Sources */ = {isa = PBXBuildFile; fileRef = A909A3E11E0BD8EB009ACF3B /* CustomTableViewCell.m */; };
/* End PBXBuildFile section */

/* Begin PBXFileReference section */
		8C6446031E0BDBD300EDC77E /* BViewController.h */ = {isa = PBXFileReference; fileEncoding = 4; lastKnownFileType = sourcecode.c.h; path = BViewController.h; sourceTree = "<group>"; };
		8C6446041E0BDBD300EDC77E /* BViewController.m */ = {isa = PBXFileReference; fileEncoding = 4; lastKnownFileType = sourcecode.c.objc; path = BViewController.m; sourceTree = "<group>"; };
		A909A3C61E0BD87D009ACF3B /* TableViewDemo.app */ = {isa = PBXFileReference; explicitFileType = wrapper.application; includeInIndex = 0; path = TableViewDemo.app; sourceTree = BUILT_PRODUCTS_DIR; };
		A909A3CA1E0BD87D009ACF3B /* main.m */ = {isa = PBXFileReference; lastKnownFileType = sourcecode.c.objc; path = main.m; sourceTree = "<group>"; };
		A909A3CC1E0BD87D009ACF3B /* AppDelegate.h */ = {isa = PBXFileReference; lastKnownFileType = sourcecode.c.h; path = AppDelegate.h; sourceTree = "<group>"; };
		A909A3CD1E0BD87D009ACF3B /* AppDelegate.m */ = {isa = PBXFileReference; lastKnownFileType = sourcecode.c.objc; path = AppDelegate.m; sourceTree = "<group>"; };
		A909A3CF1E0BD87E009ACF3B /* ViewController.h */ = {isa = PBXFileReference; lastKnownFileType = sourcecode.c.h; path = ViewController.h; sourceTree = "<group>"; };
		A909A3D01E0BD87E009ACF3B /* ViewController.m */ = {isa = PBXFileReference; lastKnownFileType = sourcecode.c.objc; path = ViewController.m; sourceTree = "<group>"; };
		A909A3D31E0BD87E009ACF3B /* Base */ = {isa = PBXFileReference; lastKnownFileType = file.storyboard; name = Base; path = Base.lproj/Main.storyboard; sourceTree = "<group>"; };
		A909A3D51E0BD87E009ACF3B /* Assets.xcassets */ = {isa = PBXFileReference; lastKnownFileType = folder.assetcatalog; path = Assets.xcassets; sourceTree = "<group>"; };
		A909A3D81E0BD87E009ACF3B /* Base */ = {isa = PBXFileReference; lastKnownFileType = file.storyboard; name = Base; path = Base.lproj/LaunchScreen.storyboard; sourceTree = "<group>"; };
		A909A3DA1E0BD87E009ACF3B /* Info.plist */ = {isa = PBXFileReference; lastKnownFileType = text.plist.xml; path = Info.plist; sourceTree = "<group>"; };
		A909A3E01E0BD8EB009ACF3B /* CustomTableViewCell.h */ = {isa = PBXFileReference; fileEncoding = 4; lastKnownFileType = sourcecode.c.h; path = CustomTableViewCell.h; sourceTree = "<group>"; };
		A909A3E11E0BD8EB009ACF3B /* CustomTableViewCell.m */ = {isa = PBXFileReference; fileEncoding = 4; lastKnownFileType = sourcecode.c.objc; path = CustomTableViewCell.m; sourceTree = "<group>"; };
/* End PBXFileReference section */

/* Begin PBXFrameworksBuildPhase section */
		A909A3C31E0BD87D009ACF3B /* Frameworks */ = {
			isa = PBXFrameworksBuildPhase;
			buildActionMask = 2147483647;
			files = (
			);
			runOnlyForDeploymentPostprocessing = 0;
		};
/* End PBXFrameworksBuildPhase section */

/* Begin PBXGroup section */
		A909A3BD1E0BD87D009ACF3B = {
			isa = PBXGroup;
			children = (
				A909A3C81E0BD87D009ACF3B /* TableViewDemo */,
				A909A3C71E0BD87D009ACF3B /* Products */,
			);
			sourceTree = "<group>";
		};
		A909A3C71E0BD87D009ACF3B /* Products */ = {
			isa = PBXGroup;
			children = (
				A909A3C61E0BD87D009ACF3B /* TableViewDemo.app */,
			);
			name = Products;
			sourceTree = "<group>";
		};
		A909A3C81E0BD87D009ACF3B /* TableViewDemo */ = {
			isa = PBXGroup;
			children = (
				A909A3CC1E0BD87D009ACF3B /* AppDelegate.h */,
				A909A3CD1E0BD87D009ACF3B /* AppDelegate.m */,
				8C6446031E0BDBD300EDC77E /* BViewController.h */,
				8C6446041E0BDBD300EDC77E /* BViewController.m */,
				A909A3CF1E0BD87E009ACF3B /* ViewController.h */,
				A909A3D01E0BD87E009ACF3B /* ViewController.m */,
				A909A3E01E0BD8EB009ACF3B /* CustomTableViewCell.h */,
				A909A3E11E0BD8EB009ACF3B /* CustomTableViewCell.m */,
				A909A3D21E0BD87E009ACF3B /* Main.storyboard */,
				A909A3D51E0BD87E009ACF3B /* Assets.xcassets */,
				A909A3D71E0BD87E009ACF3B /* LaunchScreen.storyboard */,
				A909A3DA1E0BD87E009ACF3B /* Info.plist */,
				A909A3C91E0BD87D009ACF3B /* Supporting Files */,
			);
			path = TableViewDemo;
			sourceTree = "<group>";
		};
		A909A3C91E0BD87D009ACF3B /* Supporting Files */ = {
			isa = PBXGroup;
			children = (
				A909A3CA1E0BD87D009ACF3B /* main.m */,
			);
			name = "Supporting Files";
			sourceTree = "<group>";
		};
/* End PBXGroup section */

/* Begin PBXNativeTarget section */
		A909A3C51E0BD87D009ACF3B /* TableViewDemo */ = {
			isa = PBXNativeTarget;
			buildConfigurationList = A909A3DD1E0BD87E009ACF3B /* Build configuration list for PBXNativeTarget "TableViewDemo" */;
			buildPhases = (
				A909A3C21E0BD87D009ACF3B /* Sources */,
				A909A3C31E0BD87D009ACF3B /* Frameworks */,
				A909A3C41E0BD87D009ACF3B /* Resources */,
			);
			buildRules = (
			);
			dependencies = (
			);
			name = TableViewDemo;
			productName = TableViewDemo;
			productReference = A909A3C61E0BD87D009ACF3B /* TableViewDemo.app */;
			productType = "com.apple.product-type.application";
		};
/* End PBXNativeTarget section */

/* Begin PBXProject section */
		A909A3BE1E0BD87D009ACF3B /* Project object */ = {
			isa = PBXProject;
			attributes = {
				LastUpgradeCheck = 0820;
				ORGANIZATIONNAME = "Kushal Panchal";
				TargetAttributes = {
					A909A3C51E0BD87D009ACF3B = {
						CreatedOnToolsVersion = 8.2;
						ProvisioningStyle = Manual;
					};
				};
			};
			buildConfigurationList = A909A3C11E0BD87D009ACF3B /* Build configuration list for PBXProject "TableViewDemo" */;
			compatibilityVersion = "Xcode 3.2";
			developmentRegion = English;
			hasScannedForEncodings = 0;
			knownRegions = (
				en,
				Base,
			);
			mainGroup = A909A3BD1E0BD87D009ACF3B;
			productRefGroup = A909A3C71E0BD87D009ACF3B /* Products */;
			projectDirPath = "";
			projectRoot = "";
			targets = (
				A909A3C51E0BD87D009ACF3B /* TableViewDemo */,
			);
		};
/* End PBXProject section */

/* Begin PBXResourcesBuildPhase section */
		A909A3C41E0BD87D009ACF3B /* Resources */ = {
			isa = PBXResourcesBuildPhase;
			buildActionMask = 2147483647;
			files = (
				A909A3D91E0BD87E009ACF3B /* LaunchScreen.storyboard in Resources */,
				A909A3D61E0BD87E009ACF3B /* Assets.xcassets in Resources */,
				A909A3D41E0BD87E009ACF3B /* Main.storyboard in Resources */,
			);
			runOnlyForDeploymentPostprocessing = 0;
		};
/* End PBXResourcesBuildPhase section */

/* Begin PBXSourcesBuildPhase section */
		A909A3C21E0BD87D009ACF3B /* Sources */ = {
			isa = PBXSourcesBuildPhase;
			buildActionMask = 2147483647;
			files = (
				A909A3D11E0BD87E009ACF3B /* ViewController.m in Sources */,
				A909A3CE1E0BD87D009ACF3B /* AppDelegate.m in Sources */,
				A909A3E21E0BD8EB009ACF3B /* CustomTableViewCell.m in Sources */,
				8C6446051E0BDBD300EDC77E /* BViewController.m in Sources */,
				A909A3CB1E0BD87D009ACF3B /* main.m in Sources */,
			);
			runOnlyForDeploymentPostprocessing = 0;
		};
/* End PBXSourcesBuildPhase section */

/* Begin PBXVariantGroup section */
		A909A3D21E0BD87E009ACF3B /* Main.storyboard */ = {
			isa = PBXVariantGroup;
			children = (
				A909A3D31E0BD87E009ACF3B /* Base */,
			);
			name = Main.storyboard;
			sourceTree = "<group>";
		};
		A909A3D71E0BD87E009ACF3B /* LaunchScreen.storyboard */ = {
			isa = PBXVariantGroup;
			children = (
				A909A3D81E0BD87E009ACF3B /* Base */,
			);
			name = LaunchScreen.storyboard;
			sourceTree = "<group>";
		};
/* End PBXVariantGroup section */

/* Begin XCBuildConfiguration section */
		A909A3DB1E0BD87E009ACF3B /* Debug */ = {
			isa = XCBuildConfiguration;
			buildSettings = {
				ALWAYS_SEARCH_USER_PATHS = NO;
				CLANG_ANALYZER_NONNULL = YES;
				CLANG_CXX_LANGUAGE_STANDARD = "gnu++0x";
				CLANG_CXX_LIBRARY = "libc++";
				CLANG_ENABLE_MODULES = YES;
				CLANG_ENABLE_OBJC_ARC = YES;
				CLANG_WARN_BOOL_CONVERSION = YES;
				CLANG_WARN_CONSTANT_CONVERSION = YES;
				CLANG_WARN_DIRECT_OBJC_ISA_USAGE = YES_ERROR;
				CLANG_WARN_DOCUMENTATION_COMMENTS = YES;
				CLANG_WARN_EMPTY_BODY = YES;
				CLANG_WARN_ENUM_CONVERSION = YES;
				CLANG_WARN_INFINITE_RECURSION = YES;
				CLANG_WARN_INT_CONVERSION = YES;
				CLANG_WARN_OBJC_ROOT_CLASS = YES_ERROR;
				CLANG_WARN_SUSPICIOUS_MOVE = YES;
				CLANG_WARN_UNREACHABLE_CODE = YES;
				CLANG_WARN__DUPLICATE_METHOD_MATCH = YES;
				"CODE_SIGN_IDENTITY[sdk=iphoneos*]" = "iPhone Developer";
				COPY_PHASE_STRIP = NO;
				DEBUG_INFORMATION_FORMAT = dwarf;
				ENABLE_STRICT_OBJC_MSGSEND = YES;
				ENABLE_TESTABILITY = YES;
				GCC_C_LANGUAGE_STANDARD = gnu99;
				GCC_DYNAMIC_NO_PIC = NO;
				GCC_NO_COMMON_BLOCKS = YES;
				GCC_OPTIMIZATION_LEVEL = 0;
				GCC_PREPROCESSOR_DEFINITIONS = (
					"DEBUG=1",
					"$(inherited)",
				);
				GCC_WARN_64_TO_32_BIT_CONVERSION = YES;
				GCC_WARN_ABOUT_RETURN_TYPE = YES_ERROR;
				GCC_WARN_UNDECLARED_SELECTOR = YES;
				GCC_WARN_UNINITIALIZED_AUTOS = YES_AGGRESSIVE;
				GCC_WARN_UNUSED_FUNCTION = YES;
				GCC_WARN_UNUSED_VARIABLE = YES;
				IPHONEOS_DEPLOYMENT_TARGET = 9.3;
				MTL_ENABLE_DEBUG_INFO = YES;
				ONLY_ACTIVE_ARCH = YES;
				SDKROOT = iphoneos;
			};
			name = Debug;
		};
		A909A3DC1E0BD87E009ACF3B /* Release */ = {
			isa = XCBuildConfiguration;
			buildSettings = {
				ALWAYS_SEARCH_USER_PATHS = NO;
				CLANG_ANALYZER_NONNULL = YES;
				CLANG_CXX_LANGUAGE_STANDARD = "gnu++0x";
				CLANG_CXX_LIBRARY = "libc++";
				CLANG_ENABLE_MODULES = YES;
				CLANG_ENABLE_OBJC_ARC = YES;
				CLANG_WARN_BOOL_CONVERSION = YES;
				CLANG_WARN_CONSTANT_CONVERSION = YES;
				CLANG_WARN_DIRECT_OBJC_ISA_USAGE = YES_ERROR;
				CLANG_WARN_DOCUMENTATION_COMMENTS = YES;
				CLANG_WARN_EMPTY_BODY = YES;
				CLANG_WARN_ENUM_CONVERSION = YES;
				CLANG_WARN_INFINITE_RECURSION = YES;
				CLANG_WARN_INT_CONVERSION = YES;
				CLANG_WARN_OBJC_ROOT_CLASS = YES_ERROR;
				CLANG_WARN_SUSPICIOUS_MOVE = YES;
				CLANG_WARN_UNREACHABLE_CODE = YES;
				CLANG_WARN__DUPLICATE_METHOD_MATCH = YES;
				"CODE_SIGN_IDENTITY[sdk=iphoneos*]" = "iPhone Developer";
				COPY_PHASE_STRIP = NO;
				DEBUG_INFORMATION_FORMAT = "dwarf-with-dsym";
				ENABLE_NS_ASSERTIONS = NO;
				ENABLE_STRICT_OBJC_MSGSEND = YES;
				GCC_C_LANGUAGE_STANDARD = gnu99;
				GCC_NO_COMMON_BLOCKS = YES;
				GCC_WARN_64_TO_32_BIT_CONVERSION = YES;
				GCC_WARN_ABOUT_RETURN_TYPE = YES_ERROR;
				GCC_WARN_UNDECLARED_SELECTOR = YES;
				GCC_WARN_UNINITIALIZED_AUTOS = YES_AGGRESSIVE;
				GCC_WARN_UNUSED_FUNCTION = YES;
				GCC_WARN_UNUSED_VARIABLE = YES;
				IPHONEOS_DEPLOYMENT_TARGET = 9.3;
				MTL_ENABLE_DEBUG_INFO = NO;
				SDKROOT = iphoneos;
				VALIDATE_PRODUCT = YES;
			};
			name = Release;
		};
		A909A3DE1E0BD87E009ACF3B /* Debug */ = {
			isa = XCBuildConfiguration;
			buildSettings = {
				ASSETCATALOG_COMPILER_APPICON_NAME = AppIcon;
				DEVELOPMENT_TEAM = "";
				INFOPLIST_FILE = TableViewDemo/Info.plist;
				LD_RUNPATH_SEARCH_PATHS = "$(inherited) @executable_path/Frameworks";
				PRODUCT_BUNDLE_IDENTIFIER = com.TableViewDemo;
				PRODUCT_NAME = "$(TARGET_NAME)";
			};
			name = Debug;
		};
		A909A3DF1E0BD87E009ACF3B /* Release */ = {
			isa = XCBuildConfiguration;
			buildSettings = {
				ASSETCATALOG_COMPILER_APPICON_NAME = AppIcon;
				DEVELOPMENT_TEAM = "";
				INFOPLIST_FILE = TableViewDemo/Info.plist;
				LD_RUNPATH_SEARCH_PATHS = "$(inherited) @executable_path/Frameworks";
				PRODUCT_BUNDLE_IDENTIFIER = com.TableViewDemo;
				PRODUCT_NAME = "$(TARGET_NAME)";
			};
			name = Release;
		};
/* End XCBuildConfiguration section */

/* Begin XCConfigurationList section */
		A909A3C11E0BD87D009ACF3B /* Build configuration list for PBXProject "TableViewDemo" */ = {
			isa = XCConfigurationList;
			buildConfigurations = (
				A909A3DB1E0BD87E009ACF3B /* Debug */,
				A909A3DC1E0BD87E009ACF3B /* Release */,
			);
			defaultConfigurationIsVisible = 0;
			defaultConfigurationName = Release;
		};
		A909A3DD1E0BD87E009ACF3B /* Build configuration list for PBXNativeTarget "TableViewDemo" */ = {
			isa = XCConfigurationList;
			buildConfigurations = (
				A909A3DE1E0BD87E009ACF3B /* Debug */,
				A909A3DF1E0BD87E009ACF3B /* Release */,
			);
			defaultConfigurationIsVisible = 0;
			defaultConfigurationName = Release;
		};
/* End XCConfigurationList section */
	};
	rootObject = A909A3BE1E0BD87D009ACF3B /* Project object */;
}
